{
    "_meta": {
        "hash": {
            "sha256": "66f8eb6d6195697a703f444e6b30f1ca5d0b53d919d6ff8cf6186203388d19b0"
        },
        "host-environment-markers": {
            "implementation_name": "cpython",
            "implementation_version": "3.5.2",
            "os_name": "posix",
            "platform_machine": "x86_64",
            "platform_python_implementation": "CPython",
            "platform_release": "16.7.0",
            "platform_system": "Darwin",
            "platform_version": "Darwin Kernel Version 16.7.0: Thu Jun 15 17:36:27 PDT 2017; root:xnu-3789.70.16~2/RELEASE_X86_64",
            "python_full_version": "3.5.2",
            "python_version": "3.5",
            "sys_platform": "darwin"
        },
        "pipfile-spec": 6,
        "requires": {
            "python_version": "3.5"
        },
        "sources": [
            {
                "name": "pypi",
                "url": "https://pypi.python.org/simple",
                "verify_ssl": true
            }
        ]
    },
    "default": {
        "certifi": {
            "hashes": [
                "sha256:244be0d93b71e93fc0a0a479862051414d0e00e16435707e5bf5000f92e04694",
                "sha256:5ec74291ca1136b40f0379e1128ff80e866597e4e2c1e755739a913bbc3613c0"
            ],
            "version": "==2017.11.5"
        },
        "cfenv": {
            "hashes": [
                "sha256:7815bffcc4a3db350f92517157fafc577c11b5a7ff172dc5632f1042b93073e8",
                "sha256:c7a91a4c82431acfc35db664c194d5e6cc7f4df3dcb692d0f836a6ceb0156167"
            ],
            "version": "==0.5.3"
        },
        "chardet": {
            "hashes": [
                "sha256:fc323ffcaeaed0e0a02bf4d117757b98aed530d9ed4531e3e15460124c106691",
                "sha256:84ab92ed1c4d4f16916e05906b6b75a6c0fb5db821cc65e70cbd64a3e2a5eaae"
            ],
            "version": "==3.0.4"
        },
        "click": {
            "hashes": [
                "sha256:29f99fc6125fbc931b758dc053b3114e55c77a6e4c6c3a2674a2dc986016381d",
                "sha256:f15516df478d5a56180fbf80e68f206010e6d160fc39fa508b65e035fd75130b"
            ],
            "version": "==6.7"
        },
        "ecdsa": {
            "hashes": [
                "sha256:40d002cf360d0e035cf2cb985e1308d41aaa087cbfc135b2dc2d844296ea546c",
                "sha256:64cf1ee26d1cde3c73c6d7d107f835fed7c6a2904aef9eac223d57ad800c43fa"
            ],
            "version": "==0.13"
        },
        "flask": {
            "hashes": [
                "sha256:7f03bb2c255452444f7265eddb51601806e5447b6f8a2d50bbc77a654a14c118",
                "sha256:93e803cdbe326a61ebd5c5d353959397c85f829bec610d59cb635c9f97d7ca8b"
            ],
            "version": "==0.12"
        },
        "flask-wtf": {
            "hashes": [
                "sha256:d9a9e366b32dcbb98ef17228e76be15702cd2600675668bca23f63a7947fd5ac",
                "sha256:5d14d55cfd35f613d99ee7cba0fc3fbbe63ba02f544d349158c14ca15561cc36"
            ],
            "version": "==0.14.2"
        },
        "furl": {
            "hashes": [
                "sha256:6bb7d9ed238a0104db3a638307be7abc35ec989d883f5882e01cb000b9bdbc32"
            ],
            "version": "==1.0.1"
        },
        "future": {
            "hashes": [
                "sha256:e39ced1ab767b5936646cedba8bcce582398233d6a627067d4c6a454c90cfedb"
            ],
            "version": "==0.16.0"
        },
        "gunicorn": {
            "hashes": [
                "sha256:75af03c99389535f218cc596c7de74df4763803f7b63eb09d77e92b3956b36c6",
                "sha256:eee1169f0ca667be05db3351a0960765620dad53f53434262ff8901b68a1b622"
            ],
            "version": "==19.7.1"
        },
        "idna": {
            "hashes": [
                "sha256:8c7309c718f94b3a625cb648ace320157ad16ff131ae0af362c9f21b80ef6ec4",
                "sha256:2c6a5de3089009e3da7c5dde64a141dbc8551d5b7f6cf4ed7c2568d0cc520a8f"
            ],
            "version": "==2.6"
        },
        "itsdangerous": {
            "hashes": [
                "sha256:cbb3fcf8d3e33df861709ecaf89d9e6629cff0a217bc2848f1b41cd30d360519"
            ],
            "version": "==0.24"
        },
        "jinja2": {
            "hashes": [
                "sha256:74c935a1b8bb9a3947c50a54766a969d4846290e1e788ea44c1392163723c3bd",
                "sha256:f84be1bb0040caca4cea721fcbbbbd61f9be9464ca236387158b0feea01914a4"
            ],
            "version": "==2.10"
        },
        "markupsafe": {
            "hashes": [
                "sha256:a6be69091dac236ea9c6bc7d012beab42010fa914c459791d627dad4910eb665"
            ],
            "version": "==1.0"
        },
        "orderedmultidict": {
            "hashes": [
                "sha256:dc2320ca694d90dca4ecc8b9c5fdf71ca61d6c079d6feb085ef8d41585419a36"
            ],
            "version": "==0.7.11"
        },
        "phonenumbers": {
            "hashes": [
                "sha256:404aa1ff69b56512f2c4cb805cdb3d17e98aaa1b40626000dedb0f734aec31ac",
                "sha256:144fc7d33729ef887d53684ee8529e0e0c13893432cda56cc5cae52303645e0f"
            ],
            "version": "==8.4.1"
        },
        "pycrypto": {
            "hashes": [
                "sha256:f2ce1e989b272cfcb677616763e0a2e7ec659effa67a88aa92b3a65528f60a3c"
            ],
            "version": "==2.6.1"
        },
        "python-jose": {
            "hashes": [
                "sha256:968254f57ccd0fc99ab9557f82b90a5b23ccaf3716e8817d8edaa9f21c21bb2d",
                "sha256:35eca894ab91db1774251296949679396c46d6bc506ea03804b8f7a7d0204392"
            ],
            "version": "==1.3.2"
        },
        "redis": {
            "hashes": [
                "sha256:8a1900a9f2a0a44ecf6e8b5eb3e967a9909dfed219ad66df094f27f7d6f330fb",
                "sha256:a22ca993cea2962dbb588f9f30d0015ac4afcc45bee27d3978c0dbe9e97c6c0f"
            ],
            "version": "==2.10.6"
        },
        "requests": {
            "hashes": [
                "sha256:6a1b267aa90cac58ac3a765d067950e7dbbf75b1da07e895d1f594193a40a38b",
                "sha256:9c443e7324ba5b85070c4a818ade28bfabedf16ea10206da1132edaa6dda237e"
            ],
            "version": "==2.18.4"
        },
        "six": {
            "hashes": [
                "sha256:832dc0e10feb1aa2c68dcc57dbb658f1c7e65b9b61af69048abc87a2db00a0eb",
                "sha256:70e8a77beed4562e7f14fe23a786b54f6296e34344c23bc42f07b15018ff98e9"
            ],
            "version": "==1.11.0"
        },
        "structlog": {
            "hashes": [
                "sha256:9947d12d904529e6133384e52091ce92d0541472a722460cfcb4bcc8d02340b0",
                "sha256:6980001045abd235fa12582222627c19b89109e58b85eb77d5a5abc778df6e20"
            ],
            "version": "==17.2.0"
        },
        "urllib3": {
            "hashes": [
                "sha256:06330f386d6e4b195fbfc736b297f58c5a892e4440e54d294d7004e3a9bbea1b",
                "sha256:cc44da8e1145637334317feebd728bd869a35285b93cbb4cca2577da7e62db4f"
            ],
            "version": "==1.22"
        },
        "werkzeug": {
            "hashes": [
                "sha256:e8549c143af3ce6559699a01e26fa4174f4c591dbee0a499f3cd4c3781cdec3d",
                "sha256:903a7b87b74635244548b30d30db4c8947fe64c5198f58899ddcd3a13c23bb26"
            ],
            "version": "==0.12.2"
        },
        "wtforms": {
            "hashes": [
                "sha256:ffdf10bd1fa565b8233380cb77a304cd36fd55c73023e91d4b803c96bc11d46f"
            ],
            "version": "==2.1"
        }
    },
    "develop": {
        "astroid": {
            "hashes": [
                "sha256:944400d94e45865af150fb98700b27b788ddee5ad17c77d0725f67ac271f7a10",
                "sha256:a483e7891ce3a06dadfc6cb9095b0938aca58940d43576d72e4502b480c085d7"
            ],
            "version": "==1.4.9"
        },
        "behave": {
            "hashes": [
                "sha256:89238a5e4b11ff607e8ebc6b4b1fb1a0b1f3d794fba80e1fb4b6b3652979c927",
                "sha256:8c182feece4a519c5ffc11e1ab3682d25d5a390dd5f4573bb1296443beb9d7c7",
                "sha256:81b731ac5187e31e4aad2594944fa914943683a9818320846d037c5ebd6d5d0b",
                "sha256:07c741f30497b6f9361a9bc74c68418507cd17e70d6f586faa3bff57684a2ec8"
            ],
            "version": "==1.2.5"
        },
        "certifi": {
            "hashes": [
                "sha256:244be0d93b71e93fc0a0a479862051414d0e00e16435707e5bf5000f92e04694",
                "sha256:5ec74291ca1136b40f0379e1128ff80e866597e4e2c1e755739a913bbc3613c0"
            ],
            "version": "==2017.11.5"
        },
        "chardet": {
            "hashes": [
                "sha256:fc323ffcaeaed0e0a02bf4d117757b98aed530d9ed4531e3e15460124c106691",
                "sha256:84ab92ed1c4d4f16916e05906b6b75a6c0fb5db821cc65e70cbd64a3e2a5eaae"
            ],
            "version": "==3.0.4"
        },
        "codecov": {
            "hashes": [
                "sha256:ad82f054837b02081f86ed1eb6c04cddc029fbc734eaf92ff73da1db3a79188b",
                "sha256:db1c182ca896244d8644d8410a33f6f6dd1cc24d80209907a65077445923f00c"
            ],
            "version": "==2.0.9"
        },
        "coverage": {
            "hashes": [
                "sha256:5ff38727fb32164982f23821589c9ff92bee59ea7ab1dbdcfa6e35ac8b16248e",
                "sha256:05203a62c33c78d5fceff59abf78a8596b4e64a0a20eb9791e513602598df207",
                "sha256:85f60274514740c23c3ddbe8eaf4030cd5779a0b860944a7792764c09463a029",
                "sha256:1272cdff0e469941201456d4d1b0771a22c984859e22649158a19408af85db92",
                "sha256:8ed9cc8a8f6989cd0d6d017a85d9ec4bb243654caeae3df690c308e7a9808ef0",
                "sha256:e79536684485b0161275147a74b27df5bd7b9f7b7cb0a2fd289f59ab77f9774f",
                "sha256:22ac2872c35250e8d11b6fa5bd1937f944a88a8cb9f5dd6bd7139798e0032c94",
                "sha256:83fc9ea87050cc8f6703b08bf03fc961f32ed579b15f777f9ba228ac21ceb147",
                "sha256:e81ae02d8ad7f821f0204e7c6310ec0f300be14de3308960162cf86f7066c511",
                "sha256:03e672b697b3ac0cc5e843cc894111783f837811e46fa4898a14d5786d1311b3",
                "sha256:c7b562af0b3dcf7dacd162dff9b096efd18feb637deb36fd0a92df216d4c5f7a",
                "sha256:f233c1e3e1f1cc4157a2266ebc69858308d676869bfce24a70f503431ace90b0",
                "sha256:b064dd583e3488261985251feecc4bb343c9a625626b30e395cd5411396b5c7b",
                "sha256:1225e6ab4ab12b47af6f841a69d0804eaab167c3d8cce7308686522ffa8968a6",
                "sha256:d46dee68044c7e0ec7d9b4b241d8f36f69b12a5ef429558ec088fd2185e21d46",
                "sha256:3dd21f610c17c416ad8a19edb57c79e589459a708cc00aebc53d805e77cf81f7",
                "sha256:c935c49ea73560f80d19f0e8dddaf26c5d0df9a04d290b0f9c805f4d5c85e1e9",
                "sha256:afe077d931196cc269df5b4f308302058910ba86e2acc78c9f6639eadd237c32",
                "sha256:69be73b179c715d2ba14a4ca678768913c04070b7b174cb4cf963ac67e4f649c",
                "sha256:19773b49f3e760abe4c264947dd1afa2c3b22aa204d0c0aa5526e10b655c46f5",
                "sha256:1a016072e059025cf5a75b071879909a4a770ebe3b1aadbf11bfed4587c27e41",
                "sha256:3830c193a6222a109de7674c76f99fa56faca8105ce22de822718bd3fa28d036",
                "sha256:26c4b897bad7aa3afc157c9f4ed341cd530b953641e932bc812aa0e5058c0774",
                "sha256:3d0d4c909b40797b91a3f1f898a2d3fcb47f5b843a4ea915fd3a00f6b3e15e5c",
                "sha256:09ffa754d1c01759127400bf7dfe987627d82813ec529e860a74bf41834ca276",
                "sha256:2b5e493ebcea9e13e5621f231c497fb25639b350d3910d27accc09ab4907c706",
                "sha256:4f2fe9e3d08fac4e1255550842f29eab205a5917881ee801180869797522e2f7",
                "sha256:bc4b8c7fdd39e5d7fb30833210c099000271190082238f5158439a1c0fe2a609",
                "sha256:f16f751326911a7fe7581fa9c60de435f64f415bad65ac9fc5d7b047d99b7310"
            ],
            "version": "==4.2b1"
        },
        "idna": {
            "hashes": [
                "sha256:8c7309c718f94b3a625cb648ace320157ad16ff131ae0af362c9f21b80ef6ec4",
                "sha256:2c6a5de3089009e3da7c5dde64a141dbc8551d5b7f6cf4ed7c2568d0cc520a8f"
            ],
            "version": "==2.6"
        },
        "isort": {
            "hashes": [
                "sha256:cd5d3fc2c16006b567a17193edf4ed9830d9454cbeb5a42ac80b36ea00c23db4",
                "sha256:79f46172d3a4e2e53e7016e663cc7a8b538bec525c36675fcfd2767df30b3983"
            ],
            "version": "==4.2.15"
        },
        "lazy-object-proxy": {
            "hashes": [
                "sha256:209615b0fe4624d79e50220ce3310ca1a9445fd8e6d3572a896e7f9146bbf019",
                "sha256:1b668120716eb7ee21d8a38815e5eb3bb8211117d9a90b0f8e21722c0758cc39",
                "sha256:cb924aa3e4a3fb644d0c463cad5bc2572649a6a3f68a7f8e4fbe44aaa6d77e4c",
                "sha256:2c1b21b44ac9beb0fc848d3993924147ba45c4ebc24be19825e57aabbe74a99e",
                "sha256:320ffd3de9699d3892048baee45ebfbbf9388a7d65d832d7e580243ade426d2b",
                "sha256:2df72ab12046a3496a92476020a1a0abf78b2a7db9ff4dc2036b8dd980203ae6",
                "sha256:27ea6fd1c02dcc78172a82fc37fcc0992a94e4cecf53cb6d73f11749825bd98b",
                "sha256:e5b9e8f6bda48460b7b143c3821b21b452cb3a835e6bbd5dd33aa0c8d3f5137d",
                "sha256:7661d401d60d8bf15bb5da39e4dd72f5d764c5aff5a86ef52a042506e3e970ff",
                "sha256:61a6cf00dcb1a7f0c773ed4acc509cb636af2d6337a08f362413c76b2b47a8dd",
                "sha256:bd6292f565ca46dee4e737ebcc20742e3b5be2b01556dafe169f6c65d088875f",
                "sha256:933947e8b4fbe617a51528b09851685138b49d511af0b6c0da2539115d6d4514",
                "sha256:d0fc7a286feac9077ec52a927fc9fe8fe2fabab95426722be4c953c9a8bede92",
                "sha256:7f3a2d740291f7f2c111d86a1c4851b70fb000a6c8883a59660d95ad57b9df35",
                "sha256:5276db7ff62bb7b52f77f1f51ed58850e315154249aceb42e7f4c611f0f847ff",
                "sha256:94223d7f060301b3a8c09c9b3bc3294b56b2188e7d8179c762a1cda72c979252",
                "sha256:6ae6c4cb59f199d8827c5a07546b2ab7e85d262acaccaacd49b62f53f7c456f7",
                "sha256:f460d1ceb0e4a5dcb2a652db0904224f367c9b3c1470d5a7683c0480e582468b",
                "sha256:e81ebf6c5ee9684be8f2c87563880f93eedd56dd2b6146d8a725b50b7e5adb0f",
                "sha256:81304b7d8e9c824d058087dcb89144842c8e0dea6d281c031f59f0acf66963d4",
                "sha256:ddc34786490a6e4ec0a855d401034cbd1242ef186c20d79d2166d6a4bd449577",
                "sha256:7bd527f36a605c914efca5d3d014170b2cb184723e423d26b1fb2fd9108e264d",
                "sha256:ab3ca49afcb47058393b0122428358d2fbe0408cf99f1b58b295cfeb4ed39109",
                "sha256:7cb54db3535c8686ea12e9535eb087d32421184eacc6939ef15ef50f83a5e7e2",
                "sha256:0ce34342b419bd8f018e6666bfef729aec3edf62345a53b537a4dcc115746a33",
                "sha256:e34b155e36fa9da7e1b7c738ed7767fc9491a62ec6af70fe9da4a057759edc2d",
                "sha256:50e3b9a464d5d08cc5227413db0d1c4707b6172e4d4d915c1c70e4de0bbff1f5",
                "sha256:27bf62cb2b1a2068d443ff7097ee33393f8483b570b475db8ebf7e1cba64f088",
                "sha256:eb91be369f945f10d3a49f5f9be8b3d0b93a4c2be8f8a5b83b0571b8123e0a7a"
            ],
            "version": "==1.3.1"
        },
        "mccabe": {
            "hashes": [
                "sha256:ab8a6258860da4b6677da4bd2fe5dc2c659cff31b3ee4f7f5d64e79735b80d42",
                "sha256:dd8d182285a0fe56bace7f45b5e7d1a6ebcbf524e8f3bd87eb0f125271b8831f"
            ],
            "version": "==0.6.1"
        },
        "oauthlib": {
            "hashes": [
                "sha256:b3b9b47f2a263fe249b5b48c4e25a5bce882ff20a0ac34d553ce43cff55b53ac"
            ],
            "version": "==2.0.2"
        },
        "parse": {
            "hashes": [
                "sha256:8048dde3f5ca07ad7ac7350460952d83b63eaacecdac1b37f45fd74870d849d2"
            ],
            "version": "==1.8.2"
        },
        "parse-type": {
            "hashes": [
                "sha256:6e906a66f340252e4c324914a60d417d33a4bea01292ea9bbf68b4fc123be8c9",
                "sha256:f596bdc75d3dd93036fbfe3d04127da9f6df0c26c36e01e76da85adef4336b3c"
            ],
            "version": "==0.4.2"
        },
        "pep8": {
            "hashes": [
                "sha256:b22cfae5db09833bb9bd7c8463b53e1a9c9b39f12e304a8d0bba729c501827ee",
                "sha256:fe249b52e20498e59e0b5c5256aa52ee99fc295b26ec9eaa85776ffdb9fe6374"
            ],
            "version": "==1.7.1"
        },
        "py": {
            "hashes": [
                "sha256:8cca5c229d225f8c1e3085be4fcf306090b00850fefad892f9d96c7b6e2f310f",
                "sha256:ca18943e28235417756316bfada6cd96b23ce60dd532642690dcfdaba988a76d"
            ],
            "version": "==1.5.2"
        },
        "pylint": {
            "hashes": [
                "sha256:eeeeb81c8095586b417ea0602c01f53d1c87694fcf3c866f8681457f94875a8e",
                "sha256:ef901a34b62ed7a734370ba5b162d890231ba8822abe88c6dda1268e2575f5f1"
            ],
            "version": "==1.6.4"
        },
        "pylint-mccabe": {
            "hashes": [
                "sha256:f3628affbc6064c08477243915f6752f3ef59fb82803b00be92f30d0ef7bbf29"
            ],
            "version": "==0.1.3"
        },
        "pytest": {
            "hashes": [
                "sha256:ac9378a549dd491fd7e468a1310983b7b7dee4894621384cfc9e101b148f4e11",
                "sha256:239c71f1804b57b07806f315752b42f675ddf3109a11ebe8d40eef043db12a83"
            ],
            "version": "==3.1.0"
        },
        "pytest-cov": {
            "hashes": [
                "sha256:890fe5565400902b0c78b5357004aab1c814115894f4f21370e2433256a3eeec",
                "sha256:03aa752cf11db41d281ea1d807d954c4eda35cfa1b21d6971966cc041bbf6e2d"
            ],
            "version": "==2.5.1"
        },
        "requests": {
            "hashes": [
                "sha256:6a1b267aa90cac58ac3a765d067950e7dbbf75b1da07e895d1f594193a40a38b",
                "sha256:9c443e7324ba5b85070c4a818ade28bfabedf16ea10206da1132edaa6dda237e"
            ],
            "version": "==2.18.4"
        },
        "requests-mock": {
            "hashes": [
                "sha256:23edd6f7926aa13b88bf79cb467632ba2dd5a253034e9f41563f60ed305620c7",
                "sha256:bd86970d6c52cc97071f5185aa594de6a997a5ca63b3bb36aceb9bb9db49294b"
            ],
            "version": "==1.3.0"
        },
        "requests-oauthlib": {
            "hashes": [
                "sha256:50a8ae2ce8273e384895972b56193c7409601a66d4975774c60c2aed869639ca",
                "sha256:883ac416757eada6d3d07054ec7092ac21c7f35cb1d2cf82faf205637081f468"
            ],
            "version": "==0.8.0"
        },
        "selenium": {
            "hashes": [
                "sha256:9e4885e7c72e20126b22ce5fc5981bbedd80bff99474c0757f62d5e68e1f17ac",
                "sha256:0c09f437f4f6754c0543d79bae4e58b8fd40b3d7cd10889eca66dd1c7af24c63"
            ],
            "version": "==3.4.3"
        },
        "six": {
            "hashes": [
                "sha256:832dc0e10feb1aa2c68dcc57dbb658f1c7e65b9b61af69048abc87a2db00a0eb",
                "sha256:70e8a77beed4562e7f14fe23a786b54f6296e34344c23bc42f07b15018ff98e9"
            ],
            "version": "==1.11.0"
        },
        "urllib3": {
            "hashes": [
                "sha256:06330f386d6e4b195fbfc736b297f58c5a892e4440e54d294d7004e3a9bbea1b",
                "sha256:cc44da8e1145637334317feebd728bd869a35285b93cbb4cca2577da7e62db4f"
            ],
            "version": "==1.22"
        },
        "wrapt": {
            "hashes": [
                "sha256:d4d560d479f2c21e1b5443bbd15fe7ec4b37fe7e53d335d3b9b0a7b1226fe3c6"
            ],
            "version": "==1.10.11"
        }
    }
}
